// !$*UTF8*$!
{
	archiveVersion = 1;
	classes = {
	};
	objectVersion = 46;
	objects = {

/* Begin PBXBuildFile section */
		8E0BADE0220DFF6600F90AC8 /* AppDelegate.swift in Sources */ = {isa = PBXBuildFile; fileRef = 8E0BADDF220DFF6600F90AC8 /* AppDelegate.swift */; };
		8E0BADE2220DFF6600F90AC8 /* MainViewController.swift in Sources */ = {isa = PBXBuildFile; fileRef = 8E0BADE1220DFF6600F90AC8 /* MainViewController.swift */; };
		8E0BADE5220DFF6600F90AC8 /* Main.storyboard in Resources */ = {isa = PBXBuildFile; fileRef = 8E0BADE3220DFF6600F90AC8 /* Main.storyboard */; };
		8E0BADE7220DFF6600F90AC8 /* Assets.xcassets in Resources */ = {isa = PBXBuildFile; fileRef = 8E0BADE6220DFF6600F90AC8 /* Assets.xcassets */; };
		8E0BADEA220DFF6600F90AC8 /* LaunchScreen.storyboard in Resources */ = {isa = PBXBuildFile; fileRef = 8E0BADE8220DFF6600F90AC8 /* LaunchScreen.storyboard */; };
		8E0BADF2220E0CA400F90AC8 /* TrailSafeViewController.swift in Sources */ = {isa = PBXBuildFile; fileRef = 8E0BADF1220E0CA400F90AC8 /* TrailSafeViewController.swift */; };
		8EF8127C220F33D000C6C751 /* AddContactViewController.swift in Sources */ = {isa = PBXBuildFile; fileRef = 8EF8127B220F33D000C6C751 /* AddContactViewController.swift */; };
		8EF8127E220F40CE00C6C751 /* MyCustomTabController.swift in Sources */ = {isa = PBXBuildFile; fileRef = 8EF8127D220F40CE00C6C751 /* MyCustomTabController.swift */; };
		8EF81280220F8FEB00C6C751 /* ContactsViewController.swift in Sources */ = {isa = PBXBuildFile; fileRef = 8EF8127F220F8FEB00C6C751 /* ContactsViewController.swift */; };
		8EF812822210D7CF00C6C751 /* EditInfoViewController.swift in Sources */ = {isa = PBXBuildFile; fileRef = 8EF812812210D7CF00C6C751 /* EditInfoViewController.swift */; };
/* End PBXBuildFile section */

/* Begin PBXFileReference section */
		8E0BADDC220DFF6600F90AC8 /* CaleIOSResume.app */ = {isa = PBXFileReference; explicitFileType = wrapper.application; includeInIndex = 0; path = CaleIOSResume.app; sourceTree = BUILT_PRODUCTS_DIR; };
		8E0BADDF220DFF6600F90AC8 /* AppDelegate.swift */ = {isa = PBXFileReference; lastKnownFileType = sourcecode.swift; path = AppDelegate.swift; sourceTree = "<group>"; };
		8E0BADE1220DFF6600F90AC8 /* MainViewController.swift */ = {isa = PBXFileReference; lastKnownFileType = sourcecode.swift; path = MainViewController.swift; sourceTree = "<group>"; };
		8E0BADE4220DFF6600F90AC8 /* Base */ = {isa = PBXFileReference; lastKnownFileType = file.storyboard; name = Base; path = Base.lproj/Main.storyboard; sourceTree = "<group>"; };
		8E0BADE6220DFF6600F90AC8 /* Assets.xcassets */ = {isa = PBXFileReference; lastKnownFileType = folder.assetcatalog; path = Assets.xcassets; sourceTree = "<group>"; };
		8E0BADE9220DFF6600F90AC8 /* Base */ = {isa = PBXFileReference; lastKnownFileType = file.storyboard; name = Base; path = Base.lproj/LaunchScreen.storyboard; sourceTree = "<group>"; };
		8E0BADEB220DFF6600F90AC8 /* Info.plist */ = {isa = PBXFileReference; lastKnownFileType = text.plist.xml; path = Info.plist; sourceTree = "<group>"; };
		8E0BADF1220E0CA400F90AC8 /* TrailSafeViewController.swift */ = {isa = PBXFileReference; fileEncoding = 4; lastKnownFileType = sourcecode.swift; path = TrailSafeViewController.swift; sourceTree = "<group>"; };
		8EF8127B220F33D000C6C751 /* AddContactViewController.swift */ = {isa = PBXFileReference; fileEncoding = 4; lastKnownFileType = sourcecode.swift; name = AddContactViewController.swift; path = ../AddContactViewController.swift; sourceTree = "<group>"; };
		8EF8127D220F40CE00C6C751 /* MyCustomTabController.swift */ = {isa = PBXFileReference; fileEncoding = 4; lastKnownFileType = sourcecode.swift; path = MyCustomTabController.swift; sourceTree = "<group>"; };
		8EF8127F220F8FEB00C6C751 /* ContactsViewController.swift */ = {isa = PBXFileReference; fileEncoding = 4; lastKnownFileType = sourcecode.swift; path = ContactsViewController.swift; sourceTree = "<group>"; };
		8EF812812210D7CF00C6C751 /* EditInfoViewController.swift */ = {isa = PBXFileReference; fileEncoding = 4; lastKnownFileType = sourcecode.swift; path = EditInfoViewController.swift; sourceTree = "<group>"; };
/* End PBXFileReference section */

/* Begin PBXFrameworksBuildPhase section */
		8E0BADD9220DFF6600F90AC8 /* Frameworks */ = {
			isa = PBXFrameworksBuildPhase;
			buildActionMask = 2147483647;
			files = (
			);
			runOnlyForDeploymentPostprocessing = 0;
		};
/* End PBXFrameworksBuildPhase section */

/* Begin PBXGroup section */
		8E0BADD3220DFF6600F90AC8 = {
			isa = PBXGroup;
			children = (
				8E0BADDE220DFF6600F90AC8 /* CaleIOSResume */,
				8E0BADDD220DFF6600F90AC8 /* Products */,
			);
			sourceTree = "<group>";
		};
		8E0BADDD220DFF6600F90AC8 /* Products */ = {
			isa = PBXGroup;
			children = (
				8E0BADDC220DFF6600F90AC8 /* CaleIOSResume.app */,
			);
			name = Products;
			sourceTree = "<group>";
		};
		8E0BADDE220DFF6600F90AC8 /* CaleIOSResume */ = {
			isa = PBXGroup;
			children = (
				8EF8127B220F33D000C6C751 /* AddContactViewController.swift */,
				8E0BADDF220DFF6600F90AC8 /* AppDelegate.swift */,
				8E0BADE1220DFF6600F90AC8 /* MainViewController.swift */,
				8E0BADE3220DFF6600F90AC8 /* Main.storyboard */,
				8EF812812210D7CF00C6C751 /* EditInfoViewController.swift */,
				8EF8127F220F8FEB00C6C751 /* ContactsViewController.swift */,
				8EF8127D220F40CE00C6C751 /* MyCustomTabController.swift */,
				8E0BADF1220E0CA400F90AC8 /* TrailSafeViewController.swift */,
				8E0BADE6220DFF6600F90AC8 /* Assets.xcassets */,
				8E0BADE8220DFF6600F90AC8 /* LaunchScreen.storyboard */,
				8E0BADEB220DFF6600F90AC8 /* Info.plist */,
			);
			path = CaleIOSResume;
			sourceTree = "<group>";
		};
/* End PBXGroup section */

/* Begin PBXNativeTarget section */
		8E0BADDB220DFF6600F90AC8 /* CaleIOSResume */ = {
			isa = PBXNativeTarget;
			buildConfigurationList = 8E0BADEE220DFF6600F90AC8 /* Build configuration list for PBXNativeTarget "CaleIOSResume" */;
			buildPhases = (
				8E0BADD8220DFF6600F90AC8 /* Sources */,
				8E0BADD9220DFF6600F90AC8 /* Frameworks */,
				8E0BADDA220DFF6600F90AC8 /* Resources */,
			);
			buildRules = (
			);
			dependencies = (
			);
			name = CaleIOSResume;
			productName = CaleIOSResume;
			productReference = 8E0BADDC220DFF6600F90AC8 /* CaleIOSResume.app */;
			productType = "com.apple.product-type.application";
		};
/* End PBXNativeTarget section */

/* Begin PBXProject section */
		8E0BADD4220DFF6600F90AC8 /* Project object */ = {
			isa = PBXProject;
			attributes = {
				LastSwiftUpdateCheck = 0800;
				LastUpgradeCheck = 0800;
				ORGANIZATIONNAME = cale;
				TargetAttributes = {
					8E0BADDB220DFF6600F90AC8 = {
						CreatedOnToolsVersion = 8.0;
						ProvisioningStyle = Automatic;
					};
				};
			};
			buildConfigurationList = 8E0BADD7220DFF6600F90AC8 /* Build configuration list for PBXProject "CaleIOSResume" */;
			compatibilityVersion = "Xcode 3.2";
			developmentRegion = English;
			hasScannedForEncodings = 0;
			knownRegions = (
				en,
				Base,
			);
			mainGroup = 8E0BADD3220DFF6600F90AC8;
			productRefGroup = 8E0BADDD220DFF6600F90AC8 /* Products */;
			projectDirPath = "";
			projectRoot = "";
			targets = (
				8E0BADDB220DFF6600F90AC8 /* CaleIOSResume */,
			);
		};
/* End PBXProject section */

/* Begin PBXResourcesBuildPhase section */
		8E0BADDA220DFF6600F90AC8 /* Resources */ = {
			isa = PBXResourcesBuildPhase;
			buildActionMask = 2147483647;
			files = (
				8E0BADEA220DFF6600F90AC8 /* LaunchScreen.storyboard in Resources */,
				8E0BADE7220DFF6600F90AC8 /* Assets.xcassets in Resources */,
				8E0BADE5220DFF6600F90AC8 /* Main.storyboard in Resources */,
			);
			runOnlyForDeploymentPostprocessing = 0;
		};
/* End PBXResourcesBuildPhase section */

/* Begin PBXSourcesBuildPhase section */
		8E0BADD8220DFF6600F90AC8 /* Sources */ = {
			isa = PBXSourcesBuildPhase;
			buildActionMask = 2147483647;
			files = (
				8E0BADF2220E0CA400F90AC8 /* TrailSafeViewController.swift in Sources */,
				8EF812822210D7CF00C6C751 /* EditInfoViewController.swift in Sources */,
				8EF8127C220F33D000C6C751 /* AddContactViewController.swift in Sources */,
				8E0BADE2220DFF6600F90AC8 /* MainViewController.swift in Sources */,
				8EF8127E220F40CE00C6C751 /* MyCustomTabController.swift in Sources */,
				8E0BADE0220DFF6600F90AC8 /* AppDelegate.swift in Sources */,
				8EF81280220F8FEB00C6C751 /* ContactsViewController.swift in Sources */,
			);
			runOnlyForDeploymentPostprocessing = 0;
		};
/* End PBXSourcesBuildPhase section */

/* Begin PBXVariantGroup section */
		8E0BADE3220DFF6600F90AC8 /* Main.storyboard */ = {
			isa = PBXVariantGroup;
			children = (
				8E0BADE4220DFF6600F90AC8 /* Base */,
			);
			name = Main.storyboard;
			sourceTree = "<group>";
		};
		8E0BADE8220DFF6600F90AC8 /* LaunchScreen.storyboard */ = {
			isa = PBXVariantGroup;
			children = (
				8E0BADE9220DFF6600F90AC8 /* Base */,
			);
			name = LaunchScreen.storyboard;
			sourceTree = "<group>";
		};
/* End PBXVariantGroup section */

/* Begin XCBuildConfiguration section */
		8E0BADEC220DFF6600F90AC8 /* Debug */ = {
			isa = XCBuildConfiguration;
			buildSettings = {
				ALWAYS_SEARCH_USER_PATHS = NO;
				CLANG_ANALYZER_NONNULL = YES;
				CLANG_CXX_LANGUAGE_STANDARD = "gnu++0x";
				CLANG_CXX_LIBRARY = "libc++";
				CLANG_ENABLE_MODULES = YES;
				CLANG_ENABLE_OBJC_ARC = YES;
				CLANG_WARN_BOOL_CONVERSION = YES;
				CLANG_WARN_CONSTANT_CONVERSION = YES;
				CLANG_WARN_DIRECT_OBJC_ISA_USAGE = YES_ERROR;
				CLANG_WARN_DOCUMENTATION_COMMENTS = YES;
				CLANG_WARN_EMPTY_BODY = YES;
				CLANG_WARN_ENUM_CONVERSION = YES;
				CLANG_WARN_INFINITE_RECURSION = YES;
				CLANG_WARN_INT_CONVERSION = YES;
				CLANG_WARN_OBJC_ROOT_CLASS = YES_ERROR;
				CLANG_WARN_SUSPICIOUS_MOVES = YES;
				CLANG_WARN_UNREACHABLE_CODE = YES;
				CLANG_WARN__DUPLICATE_METHOD_MATCH = YES;
				"CODE_SIGN_IDENTITY[sdk=iphoneos*]" = "iPhone Developer";
				COPY_PHASE_STRIP = NO;
				DEBUG_INFORMATION_FORMAT = dwarf;
				ENABLE_STRICT_OBJC_MSGSEND = YES;
				ENABLE_TESTABILITY = YES;
				GCC_C_LANGUAGE_STANDARD = gnu99;
				GCC_DYNAMIC_NO_PIC = NO;
				GCC_NO_COMMON_BLOCKS = YES;
				GCC_OPTIMIZATION_LEVEL = 0;
				GCC_PREPROCESSOR_DEFINITIONS = (
					"DEBUG=1",
					"$(inherited)",
				);
				GCC_WARN_64_TO_32_BIT_CONVERSION = YES;
				GCC_WARN_ABOUT_RETURN_TYPE = YES_ERROR;
				GCC_WARN_UNDECLARED_SELECTOR = YES;
				GCC_WARN_UNINITIALIZED_AUTOS = YES_AGGRESSIVE;
				GCC_WARN_UNUSED_FUNCTION = YES;
				GCC_WARN_UNUSED_VARIABLE = YES;
				IPHONEOS_DEPLOYMENT_TARGET = 10.0;
				MTL_ENABLE_DEBUG_INFO = YES;
				ONLY_ACTIVE_ARCH = YES;
				SDKROOT = iphoneos;
				SWIFT_ACTIVE_COMPILATION_CONDITIONS = DEBUG;
				SWIFT_OPTIMIZATION_LEVEL = "-Onone";
				TARGETED_DEVICE_FAMILY = "1,2";
			};
			name = Debug;
		};
		8E0BADED220DFF6600F90AC8 /* Release */ = {
			isa = XCBuildConfiguration;
			buildSettings = {
				ALWAYS_SEARCH_USER_PATHS = NO;
				CLANG_ANALYZER_NONNULL = YES;
				CLANG_CXX_LANGUAGE_STANDARD = "gnu++0x";
				CLANG_CXX_LIBRARY = "libc++";
				CLANG_ENABLE_MODULES = YES;
				CLANG_ENABLE_OBJC_ARC = YES;
				CLANG_WARN_BOOL_CONVERSION = YES;
				CLANG_WARN_CONSTANT_CONVERSION = YES;
				CLANG_WARN_DIRECT_OBJC_ISA_USAGE = YES_ERROR;
				CLANG_WARN_DOCUMENTATION_COMMENTS = YES;
				CLANG_WARN_EMPTY_BODY = YES;
				CLANG_WARN_ENUM_CONVERSION = YES;
				CLANG_WARN_INFINITE_RECURSION = YES;
				CLANG_WARN_INT_CONVERSION = YES;
				CLANG_WARN_OBJC_ROOT_CLASS = YES_ERROR;
				CLANG_WARN_SUSPICIOUS_MOVES = YES;
				CLANG_WARN_UNREACHABLE_CODE = YES;
				CLANG_WARN__DUPLICATE_METHOD_MATCH = YES;
				"CODE_SIGN_IDENTITY[sdk=iphoneos*]" = "iPhone Developer";
				COPY_PHASE_STRIP = NO;
				DEBUG_INFORMATION_FORMAT = "dwarf-with-dsym";
				ENABLE_NS_ASSERTIONS = NO;
				ENABLE_STRICT_OBJC_MSGSEND = YES;
				GCC_C_LANGUAGE_STANDARD = gnu99;
				GCC_NO_COMMON_BLOCKS = YES;
				GCC_WARN_64_TO_32_BIT_CONVERSION = YES;
				GCC_WARN_ABOUT_RETURN_TYPE = YES_ERROR;
				GCC_WARN_UNDECLARED_SELECTOR = YES;
				GCC_WARN_UNINITIALIZED_AUTOS = YES_AGGRESSIVE;
				GCC_WARN_UNUSED_FUNCTION = YES;
				GCC_WARN_UNUSED_VARIABLE = YES;
				IPHONEOS_DEPLOYMENT_TARGET = 10.0;
				MTL_ENABLE_DEBUG_INFO = NO;
				SDKROOT = iphoneos;
				SWIFT_OPTIMIZATION_LEVEL = "-Owholemodule";
				TARGETED_DEVICE_FAMILY = "1,2";
				VALIDATE_PRODUCT = YES;
			};
			name = Release;
		};
		8E0BADEF220DFF6600F90AC8 /* Debug */ = {
			isa = XCBuildConfiguration;
			buildSettings = {
				ASSETCATALOG_COMPILER_APPICON_NAME = AppIcon;
				INFOPLIST_FILE = CaleIOSResume/Info.plist;
				LD_RUNPATH_SEARCH_PATHS = "$(inherited) @executable_path/Frameworks";
				PRODUCT_BUNDLE_IDENTIFIER = cale.CaleIOSResume;
				PRODUCT_NAME = "$(TARGET_NAME)";
				SWIFT_VERSION = 3.0;
			};
			name = Debug;
		};
		8E0BADF0220DFF6600F90AC8 /* Release */ = {
			isa = XCBuildConfiguration;
			buildSettings = {
				ASSETCATALOG_COMPILER_APPICON_NAME = AppIcon;
				INFOPLIST_FILE = CaleIOSResume/Info.plist;
				LD_RUNPATH_SEARCH_PATHS = "$(inherited) @executable_path/Frameworks";
				PRODUCT_BUNDLE_IDENTIFIER = cale.CaleIOSResume;
				PRODUCT_NAME = "$(TARGET_NAME)";
				SWIFT_VERSION = 3.0;
			};
			name = Release;
		};
/* End XCBuildConfiguration section */

/* Begin XCConfigurationList section */
		8E0BADD7220DFF6600F90AC8 /* Build configuration list for PBXProject "CaleIOSResume" */ = {
			isa = XCConfigurationList;
			buildConfigurations = (
				8E0BADEC220DFF6600F90AC8 /* Debug */,
				8E0BADED220DFF6600F90AC8 /* Release */,
			);
			defaultConfigurationIsVisible = 0;
			defaultConfigurationName = Release;
		};
		8E0BADEE220DFF6600F90AC8 /* Build configuration list for PBXNativeTarget "CaleIOSResume" */ = {
			isa = XCConfigurationList;
			buildConfigurations = (
				8E0BADEF220DFF6600F90AC8 /* Debug */,
				8E0BADF0220DFF6600F90AC8 /* Release */,
			);
			defaultConfigurationIsVisible = 0;
			defaultConfigurationName = Release;
		};
/* End XCConfigurationList section */
	};
	rootObject = 8E0BADD4220DFF6600F90AC8 /* Project object */;
}
